
Microsoft Visual Studio Solution File, Format Version 12.00
# Visual Studio Version 16
VisualStudioVersion = 16.0.31624.102
MinimumVisualStudioVersion = 10.0.40219.1
Project("{FAE04EC0-301F-11D3-BF4B-00C04F79EFBC}") = "oop2", "oop2\oop2.csproj", "{0C7D2A43-4776-4ED2-B4BA-BAE98BBCD72C}"
EndProject
Global
	GlobalSection(SolutionConfigurationPlatforms) = preSolution
		Debug|Any CPU = Debug|Any CPU
		Release|Any CPU = Release|Any CPU
	EndGlobalSection
	GlobalSection(ProjectConfigurationPlatforms) = postSolution
		{0C7D2A43-4776-4ED2-B4BA-BAE98BBCD72C}.Debug|Any CPU.ActiveCfg = Debug|Any CPU
		{0C7D2A43-4776-4ED2-B4BA-BAE98BBCD72C}.Debug|Any CPU.Build.0 = Debug|Any CPU
		{0C7D2A43-4776-4ED2-B4BA-BAE98BBCD72C}.Release|Any CPU.ActiveCfg = Release|Any CPU
		{0C7D2A43-4776-4ED2-B4BA-BAE98BBCD72C}.Release|Any CPU.Build.0 = Release|Any CPU
	EndGlobalSection
	GlobalSection(SolutionProperties) = preSolution
		HideSolutionNode = FALSE
	EndGlobalSection
	GlobalSection(ExtensibilityGlobals) = postSolution
		SolutionGuid = {E91983A0-CAE2-4EAC-9EE4-E023669172F0}
	EndGlobalSection
EndGlobal
